
Microsoft Visual Studio Solution File, Format Version 12.00
# Visual Studio Version 16
VisualStudioVersion = 16.0.29920.165
MinimumVisualStudioVersion = 10.0.40219.1
Project("{FAE04EC0-301F-11D3-BF4B-00C04F79EFBC}") = "moodanaliser", "moodanaliser.csproj", "{4D4EF0F8-F29F-4497-9372-7F70B9CBA5C5}"
EndProject
Project("{FAE04EC0-301F-11D3-BF4B-00C04F79EFBC}") = "moodTest", "..\moodTest\moodTest.csproj", "{193125A1-16D1-44E5-AF10-B09FC1E641C6}"
EndProject
Global
	GlobalSection(SolutionConfigurationPlatforms) = preSolution
		Debug|Any CPU = Debug|Any CPU
		Release|Any CPU = Release|Any CPU
	EndGlobalSection
	GlobalSection(ProjectConfigurationPlatforms) = postSolution
		{4D4EF0F8-F29F-4497-9372-7F70B9CBA5C5}.Debug|Any CPU.ActiveCfg = Debug|Any CPU
		{4D4EF0F8-F29F-4497-9372-7F70B9CBA5C5}.Debug|Any CPU.Build.0 = Debug|Any CPU
		{4D4EF0F8-F29F-4497-9372-7F70B9CBA5C5}.Release|Any CPU.ActiveCfg = Release|Any CPU
		{4D4EF0F8-F29F-4497-9372-7F70B9CBA5C5}.Release|Any CPU.Build.0 = Release|Any CPU
		{193125A1-16D1-44E5-AF10-B09FC1E641C6}.Debug|Any CPU.ActiveCfg = Debug|Any CPU
		{193125A1-16D1-44E5-AF10-B09FC1E641C6}.Debug|Any CPU.Build.0 = Debug|Any CPU
		{193125A1-16D1-44E5-AF10-B09FC1E641C6}.Release|Any CPU.ActiveCfg = Release|Any CPU
		{193125A1-16D1-44E5-AF10-B09FC1E641C6}.Release|Any CPU.Build.0 = Release|Any CPU
	EndGlobalSection
	GlobalSection(SolutionProperties) = preSolution
		HideSolutionNode = FALSE
	EndGlobalSection
	GlobalSection(ExtensibilityGlobals) = postSolution
		SolutionGuid = {992FB846-F663-463A-85CF-1A6541FE421D}
	EndGlobalSection
EndGlobal
